
Microsoft Visual Studio Solution File, Format Version 12.00
# Visual Studio Version 16
VisualStudioVersion = 16.0.29503.13
MinimumVisualStudioVersion = 10.0.40219.1
Project("{FAE04EC0-301F-11D3-BF4B-00C04F79EFBC}") = "AMSI_Hooks", "AMSI_Hooks\AMSI_Hooks.csproj", "{86652418-5605-43FD-98B5-859828B072BE}"
EndProject
Project("{FAE04EC0-301F-11D3-BF4B-00C04F79EFBC}") = "UnitTests", "UnitTests\UnitTests.csproj", "{D829426C-986C-40A4-8EE2-58D14E090EF2}"
EndProject
Project("{FAE04EC0-301F-11D3-BF4B-00C04F79EFBC}") = "Scanners", "Scanners\Scanners.csproj", "{1D920B03-C537-4659-9A8C-09FB1D615E98}"
EndProject
Global
	GlobalSection(SolutionConfigurationPlatforms) = preSolution
		Debug|Any CPU = Debug|Any CPU
		Release|Any CPU = Release|Any CPU
	EndGlobalSection
	GlobalSection(ProjectConfigurationPlatforms) = postSolution
		{86652418-5605-43FD-98B5-859828B072BE}.Debug|Any CPU.ActiveCfg = Debug|Any CPU
		{86652418-5605-43FD-98B5-859828B072BE}.Debug|Any CPU.Build.0 = Debug|Any CPU
		{86652418-5605-43FD-98B5-859828B072BE}.Release|Any CPU.ActiveCfg = Release|Any CPU
		{86652418-5605-43FD-98B5-859828B072BE}.Release|Any CPU.Build.0 = Release|Any CPU
		{D829426C-986C-40A4-8EE2-58D14E090EF2}.Debug|Any CPU.ActiveCfg = Debug|Any CPU
		{D829426C-986C-40A4-8EE2-58D14E090EF2}.Debug|Any CPU.Build.0 = Debug|Any CPU
		{D829426C-986C-40A4-8EE2-58D14E090EF2}.Release|Any CPU.ActiveCfg = Release|Any CPU
		{D829426C-986C-40A4-8EE2-58D14E090EF2}.Release|Any CPU.Build.0 = Release|Any CPU
		{1D920B03-C537-4659-9A8C-09FB1D615E98}.Debug|Any CPU.ActiveCfg = Debug|Any CPU
		{1D920B03-C537-4659-9A8C-09FB1D615E98}.Debug|Any CPU.Build.0 = Debug|Any CPU
		{1D920B03-C537-4659-9A8C-09FB1D615E98}.Release|Any CPU.ActiveCfg = Release|Any CPU
		{1D920B03-C537-4659-9A8C-09FB1D615E98}.Release|Any CPU.Build.0 = Release|Any CPU
	EndGlobalSection
	GlobalSection(SolutionProperties) = preSolution
		HideSolutionNode = FALSE
	EndGlobalSection
	GlobalSection(ExtensibilityGlobals) = postSolution
		SolutionGuid = {E775F22F-086A-465F-B57B-48201FA82C86}
	EndGlobalSection
EndGlobal
